
Microsoft Visual Studio Solution File, Format Version 12.00
Project("{FAE04EC0-301F-11D3-BF4B-00C04F79EFBC}") = "AdventOfCode", "AdventOfCode\AdventOfCode.csproj", "{24B5AECF-8AA4-405B-911C-A729790DD822}"
EndProject
Project("{FAE04EC0-301F-11D3-BF4B-00C04F79EFBC}") = "AdventOfCode.Tests", "AdventOfCode.Tests\AdventOfCode.Tests.csproj", "{CF4230A1-F120-4407-8716-EF0CA41D522A}"
EndProject
Global
	GlobalSection(SolutionConfigurationPlatforms) = preSolution
		Debug|Any CPU = Debug|Any CPU
		Release|Any CPU = Release|Any CPU
	EndGlobalSection
	GlobalSection(ProjectConfigurationPlatforms) = postSolution
		{24B5AECF-8AA4-405B-911C-A729790DD822}.Debug|Any CPU.ActiveCfg = Debug|Any CPU
		{24B5AECF-8AA4-405B-911C-A729790DD822}.Debug|Any CPU.Build.0 = Debug|Any CPU
		{24B5AECF-8AA4-405B-911C-A729790DD822}.Release|Any CPU.ActiveCfg = Release|Any CPU
		{24B5AECF-8AA4-405B-911C-A729790DD822}.Release|Any CPU.Build.0 = Release|Any CPU
		{CF4230A1-F120-4407-8716-EF0CA41D522A}.Debug|Any CPU.ActiveCfg = Debug|Any CPU
		{CF4230A1-F120-4407-8716-EF0CA41D522A}.Debug|Any CPU.Build.0 = Debug|Any CPU
		{CF4230A1-F120-4407-8716-EF0CA41D522A}.Release|Any CPU.ActiveCfg = Release|Any CPU
		{CF4230A1-F120-4407-8716-EF0CA41D522A}.Release|Any CPU.Build.0 = Release|Any CPU
	EndGlobalSection
EndGlobal
